
Microsoft Visual Studio Solution File, Format Version 12.00
# Visual Studio Version 16
VisualStudioVersion = 16.0.30523.141
MinimumVisualStudioVersion = 10.0.40219.1
Project("{FAE04EC0-301F-11D3-BF4B-00C04F79EFBC}") = "AuthenticationLibrary", "AuthenticationLibrary\AuthenticationLibrary.csproj", "{BDC37D61-3508-4A91-8258-37DDD939119C}"
EndProject
Global
	GlobalSection(SolutionConfigurationPlatforms) = preSolution
		Debug|Any CPU = Debug|Any CPU
		Release|Any CPU = Release|Any CPU
	EndGlobalSection
	GlobalSection(ProjectConfigurationPlatforms) = postSolution
		{BDC37D61-3508-4A91-8258-37DDD939119C}.Debug|Any CPU.ActiveCfg = Debug|Any CPU
		{BDC37D61-3508-4A91-8258-37DDD939119C}.Debug|Any CPU.Build.0 = Debug|Any CPU
		{BDC37D61-3508-4A91-8258-37DDD939119C}.Release|Any CPU.ActiveCfg = Release|Any CPU
		{BDC37D61-3508-4A91-8258-37DDD939119C}.Release|Any CPU.Build.0 = Release|Any CPU
	EndGlobalSection
	GlobalSection(SolutionProperties) = preSolution
		HideSolutionNode = FALSE
	EndGlobalSection
	GlobalSection(ExtensibilityGlobals) = postSolution
		SolutionGuid = {8EE75427-9AC5-4865-832F-4139E4B46758}
	EndGlobalSection
EndGlobal
